
Microsoft Visual Studio Solution File, Format Version 12.00
# Visual Studio Version 16
VisualStudioVersion = 16.0.30907.101
MinimumVisualStudioVersion = 10.0.40219.1
Project("{FAE04EC0-301F-11D3-BF4B-00C04F79EFBC}") = "Cryptographer", "Cryptographer\Cryptographer.csproj", "{417C8229-D1F9-418F-9D37-0DB14FE3668E}"
EndProject
Global
	GlobalSection(SolutionConfigurationPlatforms) = preSolution
		Debug|Any CPU = Debug|Any CPU
		Release|Any CPU = Release|Any CPU
	EndGlobalSection
	GlobalSection(ProjectConfigurationPlatforms) = postSolution
		{417C8229-D1F9-418F-9D37-0DB14FE3668E}.Debug|Any CPU.ActiveCfg = Debug|Any CPU
		{417C8229-D1F9-418F-9D37-0DB14FE3668E}.Debug|Any CPU.Build.0 = Debug|Any CPU
		{417C8229-D1F9-418F-9D37-0DB14FE3668E}.Release|Any CPU.ActiveCfg = Release|Any CPU
		{417C8229-D1F9-418F-9D37-0DB14FE3668E}.Release|Any CPU.Build.0 = Release|Any CPU
	EndGlobalSection
	GlobalSection(SolutionProperties) = preSolution
		HideSolutionNode = FALSE
	EndGlobalSection
	GlobalSection(ExtensibilityGlobals) = postSolution
		SolutionGuid = {ECDE1500-6BD0-4022-9619-CDAFCB508976}
	EndGlobalSection
EndGlobal
